
Microsoft Visual Studio Solution File, Format Version 12.00
# Visual Studio Version 17
VisualStudioVersion = 17.5.002.0
MinimumVisualStudioVersion = 10.0.40219.1
Project("{2150E333-8FDC-42A3-9474-1A3956D46DE8}") = "course-01", "course-01", "{C4585D67-6386-493D-B40F-3E1AB0C31F58}"
EndProject
Project("{2150E333-8FDC-42A3-9474-1A3956D46DE8}") = "module-01", "module-01", "{32E4A2AC-D29A-43AF-96F6-3F9DA57DF32C}"
EndProject
Project("{9A19103F-16F7-4668-BE54-9A1E7A4F7556}") = "classroom-06", "course-01\module-01\classroom-06\classroom-06.csproj", "{95DB4A16-732B-4F0C-BDFC-32BC9F6D1EE0}"
EndProject
Project("{2150E333-8FDC-42A3-9474-1A3956D46DE8}") = "module-05", "module-05", "{8D336E71-5F79-435F-BC81-F5254076147C}"
EndProject
Project("{9A19103F-16F7-4668-BE54-9A1E7A4F7556}") = "classroom-05", "course-01\module-05\classroom-05\classroom-05.csproj", "{E6A0DF92-5271-493F-84C0-03170D92F511}"
EndProject
Project("{9A19103F-16F7-4668-BE54-9A1E7A4F7556}") = "classroom-06", "course-01\module-05\classroom-06\classroom-06.csproj", "{8BDFACA6-B0D9-48BD-B47A-733DC13139DC}"
EndProject
Project("{9A19103F-16F7-4668-BE54-9A1E7A4F7556}") = "classroom-12", "course-01\module-05\classroom-12\classroom-12.csproj", "{5B8A3C0C-A28C-400E-B05A-8F134C80E4B5}"
EndProject
Project("{9A19103F-16F7-4668-BE54-9A1E7A4F7556}") = "classroom-22", "course-01\module-05\classroom-22\classroom-22.csproj", "{362A84DA-56B9-4D83-8E0F-2C64EA05D1CC}"
EndProject
Project("{9A19103F-16F7-4668-BE54-9A1E7A4F7556}") = "classroom-23", "course-01\module-05\classroom-23\classroom-23.csproj", "{DB0A5983-BE5E-4E22-856F-5744E1F869BA}"
EndProject
Project("{9A19103F-16F7-4668-BE54-9A1E7A4F7556}") = "classroom-24", "course-01\module-05\classroom-24\classroom-24.csproj", "{92C5259D-5B88-4F00-A63D-DEDBD68A91DD}"
EndProject
Project("{9A19103F-16F7-4668-BE54-9A1E7A4F7556}") = "classroom-25", "course-01\module-05\classroom-25\classroom-25.csproj", "{730E3DCE-16A9-4562-8352-BE74D6C00C26}"
EndProject
Global
	GlobalSection(SolutionConfigurationPlatforms) = preSolution
		Debug|Any CPU = Debug|Any CPU
		Release|Any CPU = Release|Any CPU
	EndGlobalSection
	GlobalSection(ProjectConfigurationPlatforms) = postSolution
		{95DB4A16-732B-4F0C-BDFC-32BC9F6D1EE0}.Debug|Any CPU.ActiveCfg = Debug|Any CPU
		{95DB4A16-732B-4F0C-BDFC-32BC9F6D1EE0}.Debug|Any CPU.Build.0 = Debug|Any CPU
		{95DB4A16-732B-4F0C-BDFC-32BC9F6D1EE0}.Release|Any CPU.ActiveCfg = Release|Any CPU
		{95DB4A16-732B-4F0C-BDFC-32BC9F6D1EE0}.Release|Any CPU.Build.0 = Release|Any CPU
		{E6A0DF92-5271-493F-84C0-03170D92F511}.Debug|Any CPU.ActiveCfg = Debug|Any CPU
		{E6A0DF92-5271-493F-84C0-03170D92F511}.Debug|Any CPU.Build.0 = Debug|Any CPU
		{E6A0DF92-5271-493F-84C0-03170D92F511}.Release|Any CPU.ActiveCfg = Release|Any CPU
		{E6A0DF92-5271-493F-84C0-03170D92F511}.Release|Any CPU.Build.0 = Release|Any CPU
		{8BDFACA6-B0D9-48BD-B47A-733DC13139DC}.Debug|Any CPU.ActiveCfg = Debug|Any CPU
		{8BDFACA6-B0D9-48BD-B47A-733DC13139DC}.Debug|Any CPU.Build.0 = Debug|Any CPU
		{8BDFACA6-B0D9-48BD-B47A-733DC13139DC}.Release|Any CPU.ActiveCfg = Release|Any CPU
		{8BDFACA6-B0D9-48BD-B47A-733DC13139DC}.Release|Any CPU.Build.0 = Release|Any CPU
		{5B8A3C0C-A28C-400E-B05A-8F134C80E4B5}.Debug|Any CPU.ActiveCfg = Debug|Any CPU
		{5B8A3C0C-A28C-400E-B05A-8F134C80E4B5}.Debug|Any CPU.Build.0 = Debug|Any CPU
		{5B8A3C0C-A28C-400E-B05A-8F134C80E4B5}.Release|Any CPU.ActiveCfg = Release|Any CPU
		{5B8A3C0C-A28C-400E-B05A-8F134C80E4B5}.Release|Any CPU.Build.0 = Release|Any CPU
		{362A84DA-56B9-4D83-8E0F-2C64EA05D1CC}.Debug|Any CPU.ActiveCfg = Debug|Any CPU
		{362A84DA-56B9-4D83-8E0F-2C64EA05D1CC}.Debug|Any CPU.Build.0 = Debug|Any CPU
		{362A84DA-56B9-4D83-8E0F-2C64EA05D1CC}.Release|Any CPU.ActiveCfg = Release|Any CPU
		{362A84DA-56B9-4D83-8E0F-2C64EA05D1CC}.Release|Any CPU.Build.0 = Release|Any CPU
		{DB0A5983-BE5E-4E22-856F-5744E1F869BA}.Debug|Any CPU.ActiveCfg = Debug|Any CPU
		{DB0A5983-BE5E-4E22-856F-5744E1F869BA}.Debug|Any CPU.Build.0 = Debug|Any CPU
		{DB0A5983-BE5E-4E22-856F-5744E1F869BA}.Release|Any CPU.ActiveCfg = Release|Any CPU
		{DB0A5983-BE5E-4E22-856F-5744E1F869BA}.Release|Any CPU.Build.0 = Release|Any CPU
		{92C5259D-5B88-4F00-A63D-DEDBD68A91DD}.Debug|Any CPU.ActiveCfg = Debug|Any CPU
		{92C5259D-5B88-4F00-A63D-DEDBD68A91DD}.Debug|Any CPU.Build.0 = Debug|Any CPU
		{92C5259D-5B88-4F00-A63D-DEDBD68A91DD}.Release|Any CPU.ActiveCfg = Release|Any CPU
		{92C5259D-5B88-4F00-A63D-DEDBD68A91DD}.Release|Any CPU.Build.0 = Release|Any CPU
		{730E3DCE-16A9-4562-8352-BE74D6C00C26}.Debug|Any CPU.ActiveCfg = Debug|Any CPU
		{730E3DCE-16A9-4562-8352-BE74D6C00C26}.Debug|Any CPU.Build.0 = Debug|Any CPU
		{730E3DCE-16A9-4562-8352-BE74D6C00C26}.Release|Any CPU.ActiveCfg = Release|Any CPU
		{730E3DCE-16A9-4562-8352-BE74D6C00C26}.Release|Any CPU.Build.0 = Release|Any CPU
	EndGlobalSection
	GlobalSection(SolutionProperties) = preSolution
		HideSolutionNode = FALSE
	EndGlobalSection
	GlobalSection(NestedProjects) = preSolution
		{32E4A2AC-D29A-43AF-96F6-3F9DA57DF32C} = {C4585D67-6386-493D-B40F-3E1AB0C31F58}
		{95DB4A16-732B-4F0C-BDFC-32BC9F6D1EE0} = {32E4A2AC-D29A-43AF-96F6-3F9DA57DF32C}
		{8D336E71-5F79-435F-BC81-F5254076147C} = {C4585D67-6386-493D-B40F-3E1AB0C31F58}
		{E6A0DF92-5271-493F-84C0-03170D92F511} = {8D336E71-5F79-435F-BC81-F5254076147C}
		{8BDFACA6-B0D9-48BD-B47A-733DC13139DC} = {8D336E71-5F79-435F-BC81-F5254076147C}
		{5B8A3C0C-A28C-400E-B05A-8F134C80E4B5} = {8D336E71-5F79-435F-BC81-F5254076147C}
		{362A84DA-56B9-4D83-8E0F-2C64EA05D1CC} = {8D336E71-5F79-435F-BC81-F5254076147C}
		{DB0A5983-BE5E-4E22-856F-5744E1F869BA} = {8D336E71-5F79-435F-BC81-F5254076147C}
		{92C5259D-5B88-4F00-A63D-DEDBD68A91DD} = {8D336E71-5F79-435F-BC81-F5254076147C}
		{730E3DCE-16A9-4562-8352-BE74D6C00C26} = {8D336E71-5F79-435F-BC81-F5254076147C}
	EndGlobalSection
	GlobalSection(ExtensibilityGlobals) = postSolution
		SolutionGuid = {D3AC786E-0E79-4062-90DA-05B0C5E4C17D}
	EndGlobalSection
EndGlobal
