
Microsoft Visual Studio Solution File, Format Version 12.00
# Visual Studio Version 17
VisualStudioVersion = 17.5.002.0
MinimumVisualStudioVersion = 10.0.40219.1
Project("{2150E333-8FDC-42A3-9474-1A3956D46DE8}") = "course-01", "course-01", "{69A581D1-D4A0-43BB-A2D2-51FC49EF96BF}"
EndProject
Project("{2150E333-8FDC-42A3-9474-1A3956D46DE8}") = "module-01", "module-01", "{1A888543-7B73-4B86-BF47-B3535F25D91E}"
EndProject
Project("{9A19103F-16F7-4668-BE54-9A1E7A4F7556}") = "classroom-06", "course-01\module-01\classroom-06\classroom-06.csproj", "{EAC34ED5-D3A4-4420-ACB4-FE33C7A6B3C5}"
EndProject
Project("{2150E333-8FDC-42A3-9474-1A3956D46DE8}") = "module-05", "module-05", "{25BA1659-3B76-4B18-BACC-41A33DD615CD}"
EndProject
Project("{9A19103F-16F7-4668-BE54-9A1E7A4F7556}") = "classroom-05", "course-01\module-05\classroom-05\classroom-05.csproj", "{028961AB-B8D5-4D2D-B5C9-2146279E4066}"
EndProject
Project("{9A19103F-16F7-4668-BE54-9A1E7A4F7556}") = "classroom-06", "course-01\module-05\classroom-06\classroom-06.csproj", "{D2E62409-A096-4355-918F-CF1C7D19E405}"
EndProject
Project("{9A19103F-16F7-4668-BE54-9A1E7A4F7556}") = "classroom-10", "course-01\module-05\classroom-10\classroom-10.csproj", "{F68AEEEA-7854-431C-A95A-7109A2C36E34}"
EndProject
Project("{9A19103F-16F7-4668-BE54-9A1E7A4F7556}") = "classroom-22", "course-01\module-05\classroom-22\classroom-22.csproj", "{906F26E1-87A2-42DE-A48F-357B6734B173}"
EndProject
Project("{9A19103F-16F7-4668-BE54-9A1E7A4F7556}") = "classroom-23", "course-01\module-05\classroom-23\classroom-23.csproj", "{47ED6276-6E44-4F58-A553-B1A330DD76F2}"
EndProject
Global
	GlobalSection(SolutionConfigurationPlatforms) = preSolution
		Debug|Any CPU = Debug|Any CPU
		Release|Any CPU = Release|Any CPU
	EndGlobalSection
	GlobalSection(ProjectConfigurationPlatforms) = postSolution
		{EAC34ED5-D3A4-4420-ACB4-FE33C7A6B3C5}.Debug|Any CPU.ActiveCfg = Debug|Any CPU
		{EAC34ED5-D3A4-4420-ACB4-FE33C7A6B3C5}.Debug|Any CPU.Build.0 = Debug|Any CPU
		{EAC34ED5-D3A4-4420-ACB4-FE33C7A6B3C5}.Release|Any CPU.ActiveCfg = Release|Any CPU
		{EAC34ED5-D3A4-4420-ACB4-FE33C7A6B3C5}.Release|Any CPU.Build.0 = Release|Any CPU
		{028961AB-B8D5-4D2D-B5C9-2146279E4066}.Debug|Any CPU.ActiveCfg = Debug|Any CPU
		{028961AB-B8D5-4D2D-B5C9-2146279E4066}.Debug|Any CPU.Build.0 = Debug|Any CPU
		{028961AB-B8D5-4D2D-B5C9-2146279E4066}.Release|Any CPU.ActiveCfg = Release|Any CPU
		{028961AB-B8D5-4D2D-B5C9-2146279E4066}.Release|Any CPU.Build.0 = Release|Any CPU
		{D2E62409-A096-4355-918F-CF1C7D19E405}.Debug|Any CPU.ActiveCfg = Debug|Any CPU
		{D2E62409-A096-4355-918F-CF1C7D19E405}.Debug|Any CPU.Build.0 = Debug|Any CPU
		{D2E62409-A096-4355-918F-CF1C7D19E405}.Release|Any CPU.ActiveCfg = Release|Any CPU
		{D2E62409-A096-4355-918F-CF1C7D19E405}.Release|Any CPU.Build.0 = Release|Any CPU
		{F68AEEEA-7854-431C-A95A-7109A2C36E34}.Debug|Any CPU.ActiveCfg = Debug|Any CPU
		{F68AEEEA-7854-431C-A95A-7109A2C36E34}.Debug|Any CPU.Build.0 = Debug|Any CPU
		{F68AEEEA-7854-431C-A95A-7109A2C36E34}.Release|Any CPU.ActiveCfg = Release|Any CPU
		{F68AEEEA-7854-431C-A95A-7109A2C36E34}.Release|Any CPU.Build.0 = Release|Any CPU
		{906F26E1-87A2-42DE-A48F-357B6734B173}.Debug|Any CPU.ActiveCfg = Debug|Any CPU
		{906F26E1-87A2-42DE-A48F-357B6734B173}.Debug|Any CPU.Build.0 = Debug|Any CPU
		{906F26E1-87A2-42DE-A48F-357B6734B173}.Release|Any CPU.ActiveCfg = Release|Any CPU
		{906F26E1-87A2-42DE-A48F-357B6734B173}.Release|Any CPU.Build.0 = Release|Any CPU
		{47ED6276-6E44-4F58-A553-B1A330DD76F2}.Debug|Any CPU.ActiveCfg = Debug|Any CPU
		{47ED6276-6E44-4F58-A553-B1A330DD76F2}.Debug|Any CPU.Build.0 = Debug|Any CPU
		{47ED6276-6E44-4F58-A553-B1A330DD76F2}.Release|Any CPU.ActiveCfg = Release|Any CPU
		{47ED6276-6E44-4F58-A553-B1A330DD76F2}.Release|Any CPU.Build.0 = Release|Any CPU
	EndGlobalSection
	GlobalSection(SolutionProperties) = preSolution
		HideSolutionNode = FALSE
	EndGlobalSection
	GlobalSection(NestedProjects) = preSolution
		{1A888543-7B73-4B86-BF47-B3535F25D91E} = {69A581D1-D4A0-43BB-A2D2-51FC49EF96BF}
		{EAC34ED5-D3A4-4420-ACB4-FE33C7A6B3C5} = {1A888543-7B73-4B86-BF47-B3535F25D91E}
		{25BA1659-3B76-4B18-BACC-41A33DD615CD} = {69A581D1-D4A0-43BB-A2D2-51FC49EF96BF}
		{028961AB-B8D5-4D2D-B5C9-2146279E4066} = {25BA1659-3B76-4B18-BACC-41A33DD615CD}
		{D2E62409-A096-4355-918F-CF1C7D19E405} = {25BA1659-3B76-4B18-BACC-41A33DD615CD}
		{F68AEEEA-7854-431C-A95A-7109A2C36E34} = {25BA1659-3B76-4B18-BACC-41A33DD615CD}
		{906F26E1-87A2-42DE-A48F-357B6734B173} = {25BA1659-3B76-4B18-BACC-41A33DD615CD}
		{47ED6276-6E44-4F58-A553-B1A330DD76F2} = {25BA1659-3B76-4B18-BACC-41A33DD615CD}
	EndGlobalSection
	GlobalSection(ExtensibilityGlobals) = postSolution
		SolutionGuid = {F46CB8DF-795A-43D2-8D53-C21B49D7BDE0}
	EndGlobalSection
EndGlobal
