
Microsoft Visual Studio Solution File, Format Version 12.00
# Visual Studio Version 17
VisualStudioVersion = 17.5.002.0
MinimumVisualStudioVersion = 10.0.40219.1
Project("{9A19103F-16F7-4668-BE54-9A1E7A4F7556}") = "classroom-05", "classroom-05\classroom-05.csproj", "{9DBE588D-7363-454A-9520-50267DF9A198}"
EndProject
Project("{9A19103F-16F7-4668-BE54-9A1E7A4F7556}") = "classroom-06", "classroom-06\classroom-06.csproj", "{1CFF1B1D-A215-42E7-B09D-35B66A88375F}"
EndProject
Project("{9A19103F-16F7-4668-BE54-9A1E7A4F7556}") = "classroom-12", "classroom-12\classroom-12.csproj", "{8B552E36-055F-43B2-A960-E8082DE46660}"
EndProject
Project("{9A19103F-16F7-4668-BE54-9A1E7A4F7556}") = "classroom-13", "classroom-13\classroom-13.csproj", "{ACA195F8-2324-4810-B51E-2947A3765F16}"
EndProject
Project("{9A19103F-16F7-4668-BE54-9A1E7A4F7556}") = "classroom-14", "classroom-14\classroom-14.csproj", "{554F2EEA-0232-48BB-A92E-914DE7471F59}"
EndProject
Project("{9A19103F-16F7-4668-BE54-9A1E7A4F7556}") = "classroom-15", "classroom-15\classroom-15.csproj", "{F8497D0C-2436-4CFD-8638-F462613C70A9}"
EndProject
Project("{9A19103F-16F7-4668-BE54-9A1E7A4F7556}") = "classroom-16", "classroom-16\classroom-16.csproj", "{EB8A963C-D1A2-40F1-8A1A-6032838B31C4}"
EndProject
Project("{9A19103F-16F7-4668-BE54-9A1E7A4F7556}") = "classroom-17", "classroom-17\classroom-17.csproj", "{108CBEDE-6092-4391-BF1D-56AE1F801F01}"
EndProject
Project("{9A19103F-16F7-4668-BE54-9A1E7A4F7556}") = "classroom-18", "classroom-18\classroom-18.csproj", "{EECAABE0-3995-4ECE-BB2C-58D2FDB19781}"
EndProject
Project("{9A19103F-16F7-4668-BE54-9A1E7A4F7556}") = "classroom-19", "classroom-19\classroom-19.csproj", "{2998BC3E-C8C4-48F4-98A0-4444857C4FDF}"
EndProject
Project("{9A19103F-16F7-4668-BE54-9A1E7A4F7556}") = "classroom-22", "classroom-22\classroom-22.csproj", "{C95667A5-135B-463A-9F8B-2FB90EFF2DE0}"
EndProject
Project("{9A19103F-16F7-4668-BE54-9A1E7A4F7556}") = "classroom-23", "classroom-23\classroom-23.csproj", "{D47DF46C-EBAF-42D0-BB76-C5D8BE30D95F}"
EndProject
Project("{9A19103F-16F7-4668-BE54-9A1E7A4F7556}") = "classroom-24", "classroom-24\classroom-24.csproj", "{B17B163D-98E4-47E5-A749-F901E93B641B}"
EndProject
Project("{9A19103F-16F7-4668-BE54-9A1E7A4F7556}") = "classroom-25", "classroom-25\classroom-25.csproj", "{F5ABB854-EBC2-496B-8443-85DA0138C5FA}"
EndProject
Global
	GlobalSection(SolutionConfigurationPlatforms) = preSolution
		Debug|Any CPU = Debug|Any CPU
		Release|Any CPU = Release|Any CPU
	EndGlobalSection
	GlobalSection(ProjectConfigurationPlatforms) = postSolution
		{9DBE588D-7363-454A-9520-50267DF9A198}.Debug|Any CPU.ActiveCfg = Debug|Any CPU
		{9DBE588D-7363-454A-9520-50267DF9A198}.Debug|Any CPU.Build.0 = Debug|Any CPU
		{9DBE588D-7363-454A-9520-50267DF9A198}.Release|Any CPU.ActiveCfg = Release|Any CPU
		{9DBE588D-7363-454A-9520-50267DF9A198}.Release|Any CPU.Build.0 = Release|Any CPU
		{1CFF1B1D-A215-42E7-B09D-35B66A88375F}.Debug|Any CPU.ActiveCfg = Debug|Any CPU
		{1CFF1B1D-A215-42E7-B09D-35B66A88375F}.Debug|Any CPU.Build.0 = Debug|Any CPU
		{1CFF1B1D-A215-42E7-B09D-35B66A88375F}.Release|Any CPU.ActiveCfg = Release|Any CPU
		{1CFF1B1D-A215-42E7-B09D-35B66A88375F}.Release|Any CPU.Build.0 = Release|Any CPU
		{8B552E36-055F-43B2-A960-E8082DE46660}.Debug|Any CPU.ActiveCfg = Debug|Any CPU
		{8B552E36-055F-43B2-A960-E8082DE46660}.Debug|Any CPU.Build.0 = Debug|Any CPU
		{8B552E36-055F-43B2-A960-E8082DE46660}.Release|Any CPU.ActiveCfg = Release|Any CPU
		{8B552E36-055F-43B2-A960-E8082DE46660}.Release|Any CPU.Build.0 = Release|Any CPU
		{ACA195F8-2324-4810-B51E-2947A3765F16}.Debug|Any CPU.ActiveCfg = Debug|Any CPU
		{ACA195F8-2324-4810-B51E-2947A3765F16}.Debug|Any CPU.Build.0 = Debug|Any CPU
		{ACA195F8-2324-4810-B51E-2947A3765F16}.Release|Any CPU.ActiveCfg = Release|Any CPU
		{ACA195F8-2324-4810-B51E-2947A3765F16}.Release|Any CPU.Build.0 = Release|Any CPU
		{554F2EEA-0232-48BB-A92E-914DE7471F59}.Debug|Any CPU.ActiveCfg = Debug|Any CPU
		{554F2EEA-0232-48BB-A92E-914DE7471F59}.Debug|Any CPU.Build.0 = Debug|Any CPU
		{554F2EEA-0232-48BB-A92E-914DE7471F59}.Release|Any CPU.ActiveCfg = Release|Any CPU
		{554F2EEA-0232-48BB-A92E-914DE7471F59}.Release|Any CPU.Build.0 = Release|Any CPU
		{F8497D0C-2436-4CFD-8638-F462613C70A9}.Debug|Any CPU.ActiveCfg = Debug|Any CPU
		{F8497D0C-2436-4CFD-8638-F462613C70A9}.Debug|Any CPU.Build.0 = Debug|Any CPU
		{F8497D0C-2436-4CFD-8638-F462613C70A9}.Release|Any CPU.ActiveCfg = Release|Any CPU
		{F8497D0C-2436-4CFD-8638-F462613C70A9}.Release|Any CPU.Build.0 = Release|Any CPU
		{EB8A963C-D1A2-40F1-8A1A-6032838B31C4}.Debug|Any CPU.ActiveCfg = Debug|Any CPU
		{EB8A963C-D1A2-40F1-8A1A-6032838B31C4}.Debug|Any CPU.Build.0 = Debug|Any CPU
		{EB8A963C-D1A2-40F1-8A1A-6032838B31C4}.Release|Any CPU.ActiveCfg = Release|Any CPU
		{EB8A963C-D1A2-40F1-8A1A-6032838B31C4}.Release|Any CPU.Build.0 = Release|Any CPU
		{108CBEDE-6092-4391-BF1D-56AE1F801F01}.Debug|Any CPU.ActiveCfg = Debug|Any CPU
		{108CBEDE-6092-4391-BF1D-56AE1F801F01}.Debug|Any CPU.Build.0 = Debug|Any CPU
		{108CBEDE-6092-4391-BF1D-56AE1F801F01}.Release|Any CPU.ActiveCfg = Release|Any CPU
		{108CBEDE-6092-4391-BF1D-56AE1F801F01}.Release|Any CPU.Build.0 = Release|Any CPU
		{EECAABE0-3995-4ECE-BB2C-58D2FDB19781}.Debug|Any CPU.ActiveCfg = Debug|Any CPU
		{EECAABE0-3995-4ECE-BB2C-58D2FDB19781}.Debug|Any CPU.Build.0 = Debug|Any CPU
		{EECAABE0-3995-4ECE-BB2C-58D2FDB19781}.Release|Any CPU.ActiveCfg = Release|Any CPU
		{EECAABE0-3995-4ECE-BB2C-58D2FDB19781}.Release|Any CPU.Build.0 = Release|Any CPU
		{2998BC3E-C8C4-48F4-98A0-4444857C4FDF}.Debug|Any CPU.ActiveCfg = Debug|Any CPU
		{2998BC3E-C8C4-48F4-98A0-4444857C4FDF}.Debug|Any CPU.Build.0 = Debug|Any CPU
		{2998BC3E-C8C4-48F4-98A0-4444857C4FDF}.Release|Any CPU.ActiveCfg = Release|Any CPU
		{2998BC3E-C8C4-48F4-98A0-4444857C4FDF}.Release|Any CPU.Build.0 = Release|Any CPU
		{C95667A5-135B-463A-9F8B-2FB90EFF2DE0}.Debug|Any CPU.ActiveCfg = Debug|Any CPU
		{C95667A5-135B-463A-9F8B-2FB90EFF2DE0}.Debug|Any CPU.Build.0 = Debug|Any CPU
		{C95667A5-135B-463A-9F8B-2FB90EFF2DE0}.Release|Any CPU.ActiveCfg = Release|Any CPU
		{C95667A5-135B-463A-9F8B-2FB90EFF2DE0}.Release|Any CPU.Build.0 = Release|Any CPU
		{D47DF46C-EBAF-42D0-BB76-C5D8BE30D95F}.Debug|Any CPU.ActiveCfg = Debug|Any CPU
		{D47DF46C-EBAF-42D0-BB76-C5D8BE30D95F}.Debug|Any CPU.Build.0 = Debug|Any CPU
		{D47DF46C-EBAF-42D0-BB76-C5D8BE30D95F}.Release|Any CPU.ActiveCfg = Release|Any CPU
		{D47DF46C-EBAF-42D0-BB76-C5D8BE30D95F}.Release|Any CPU.Build.0 = Release|Any CPU
		{B17B163D-98E4-47E5-A749-F901E93B641B}.Debug|Any CPU.ActiveCfg = Debug|Any CPU
		{B17B163D-98E4-47E5-A749-F901E93B641B}.Debug|Any CPU.Build.0 = Debug|Any CPU
		{B17B163D-98E4-47E5-A749-F901E93B641B}.Release|Any CPU.ActiveCfg = Release|Any CPU
		{B17B163D-98E4-47E5-A749-F901E93B641B}.Release|Any CPU.Build.0 = Release|Any CPU
		{F5ABB854-EBC2-496B-8443-85DA0138C5FA}.Debug|Any CPU.ActiveCfg = Debug|Any CPU
		{F5ABB854-EBC2-496B-8443-85DA0138C5FA}.Debug|Any CPU.Build.0 = Debug|Any CPU
		{F5ABB854-EBC2-496B-8443-85DA0138C5FA}.Release|Any CPU.ActiveCfg = Release|Any CPU
		{F5ABB854-EBC2-496B-8443-85DA0138C5FA}.Release|Any CPU.Build.0 = Release|Any CPU
	EndGlobalSection
	GlobalSection(SolutionProperties) = preSolution
		HideSolutionNode = FALSE
	EndGlobalSection
	GlobalSection(ExtensibilityGlobals) = postSolution
		SolutionGuid = {7561A980-B9A2-487D-AFFA-EED4E1316316}
	EndGlobalSection
EndGlobal
